// !$*UTF8*$!
{
	archiveVersion = 1;
	classes = {
	};
	objectVersion = 56;
	objects = {

/* Begin PBXBuildFile section */
		8C1C67992F683C0500DD4A40 /* AppDelegate.m in Sources */ = {isa = PBXBuildFile; fileRef = 8C1C67982F683C0500DD4A40 /* AppDelegate.m */; };
		8C1C679C2F683C0500DD4A40 /* ViewController.m in Sources */ = {isa = PBXBuildFile; fileRef = 8C1C679B2F683C0500DD4A40 /* ViewController.m */; };
		8C1C679F2F683C0500DD4A40 /* EZCompleteUI.xcdatamodeld in Sources */ = {isa = PBXBuildFile; fileRef = 8C1C679D2F683C0500DD4A40 /* EZCompleteUI.xcdatamodeld */; };
		8C1C67A12F683C0C00DD4A40 /* Assets.xcassets in Resources */ = {isa = PBXBuildFile; fileRef = 8C1C67A02F683C0C00DD4A40 /* Assets.xcassets */; };
		8C1C67A42F683C0C00DD4A40 /* Main.storyboard in Resources */ = {isa = PBXBuildFile; fileRef = 8C1C67A22F683C0C00DD4A40 /* Main.storyboard */; };
		8C1C67A62F683C0C00DD4A40 /* main.m in Sources */ = {isa = PBXBuildFile; fileRef = 8C1C67A52F683C0C00DD4A40 /* main.m */; };
		8C1C67B12F683C0C00DD4A40 /* EZCompleteUITests.m in Sources */ = {isa = PBXBuildFile; fileRef = 8C1C67B02F683C0C00DD4A40 /* EZCompleteUITests.m */; };
		8C1C67BB2F683C0C00DD4A40 /* EZCompleteUIUITests.m in Sources */ = {isa = PBXBuildFile; fileRef = 8C1C67BA2F683C0C00DD4A40 /* EZCompleteUIUITests.m */; };
		8C1C67BD2F683C0C00DD4A40 /* EZCompleteUIUITestsLaunchTests.m in Sources */ = {isa = PBXBuildFile; fileRef = 8C1C67BC2F683C0C00DD4A40 /* EZCompleteUIUITestsLaunchTests.m */; };
/* End PBXBuildFile section */

/* Begin PBXContainerItemProxy section */
		8C1C67AD2F683C0C00DD4A40 /* PBXContainerItemProxy */ = {
			isa = PBXContainerItemProxy;
			containerPortal = 8C1C678C2F683C0500DD4A40 /* Project object */;
			proxyType = 1;
			remoteGlobalIDString = 8C1C67932F683C0500DD4A40;
			remoteInfo = EZCompleteUI;
		};
		8C1C67B72F683C0C00DD4A40 /* PBXContainerItemProxy */ = {
			isa = PBXContainerItemProxy;
			containerPortal = 8C1C678C2F683C0500DD4A40 /* Project object */;
			proxyType = 1;
			remoteGlobalIDString = 8C1C67932F683C0500DD4A40;
			remoteInfo = EZCompleteUI;
		};
/* End PBXContainerItemProxy section */

/* Begin PBXFileReference section */
		8C1C67942F683C0500DD4A40 /* EZCompleteUI.app */ = {isa = PBXFileReference; explicitFileType = wrapper.application; includeInIndex = 0; path = EZCompleteUI.app; sourceTree = BUILT_PRODUCTS_DIR; };
		8C1C67972F683C0500DD4A40 /* AppDelegate.h */ = {isa = PBXFileReference; lastKnownFileType = sourcecode.c.h; path = AppDelegate.h; sourceTree = "<group>"; };
		8C1C67982F683C0500DD4A40 /* AppDelegate.m */ = {isa = PBXFileReference; lastKnownFileType = sourcecode.c.objc; path = AppDelegate.m; sourceTree = "<group>"; };
		8C1C679A2F683C0500DD4A40 /* ViewController.h */ = {isa = PBXFileReference; lastKnownFileType = sourcecode.c.h; path = ViewController.h; sourceTree = "<group>"; };
		8C1C679B2F683C0500DD4A40 /* ViewController.m */ = {isa = PBXFileReference; lastKnownFileType = sourcecode.c.objc; path = ViewController.m; sourceTree = "<group>"; };
		8C1C679E2F683C0500DD4A40 /* EZCompleteUI.xcdatamodel */ = {isa = PBXFileReference; lastKnownFileType = wrapper.xcdatamodel; path = EZCompleteUI.xcdatamodel; sourceTree = "<group>"; };
		8C1C67A02F683C0C00DD4A40 /* Assets.xcassets */ = {isa = PBXFileReference; lastKnownFileType = folder.assetcatalog; path = Assets.xcassets; sourceTree = "<group>"; };
		8C1C67A32F683C0C00DD4A40 /* Base */ = {isa = PBXFileReference; lastKnownFileType = file.storyboard; name = Base; path = Base.lproj/Main.storyboard; sourceTree = "<group>"; };
		8C1C67A52F683C0C00DD4A40 /* main.m */ = {isa = PBXFileReference; lastKnownFileType = sourcecode.c.objc; path = main.m; sourceTree = "<group>"; };
		8C1C67A72F683C0C00DD4A40 /* EZCompleteUI.entitlements */ = {isa = PBXFileReference; lastKnownFileType = text.plist.entitlements; path = EZCompleteUI.entitlements; sourceTree = "<group>"; };
		8C1C67AC2F683C0C00DD4A40 /* EZCompleteUITests.xctest */ = {isa = PBXFileReference; explicitFileType = wrapper.cfbundle; includeInIndex = 0; path = EZCompleteUITests.xctest; sourceTree = BUILT_PRODUCTS_DIR; };
		8C1C67B02F683C0C00DD4A40 /* EZCompleteUITests.m */ = {isa = PBXFileReference; lastKnownFileType = sourcecode.c.objc; path = EZCompleteUITests.m; sourceTree = "<group>"; };
		8C1C67B62F683C0C00DD4A40 /* EZCompleteUIUITests.xctest */ = {isa = PBXFileReference; explicitFileType = wrapper.cfbundle; includeInIndex = 0; path = EZCompleteUIUITests.xctest; sourceTree = BUILT_PRODUCTS_DIR; };
		8C1C67BA2F683C0C00DD4A40 /* EZCompleteUIUITests.m */ = {isa = PBXFileReference; lastKnownFileType = sourcecode.c.objc; path = EZCompleteUIUITests.m; sourceTree = "<group>"; };
		8C1C67BC2F683C0C00DD4A40 /* EZCompleteUIUITestsLaunchTests.m */ = {isa = PBXFileReference; lastKnownFileType = sourcecode.c.objc; path = EZCompleteUIUITestsLaunchTests.m; sourceTree = "<group>"; };
/* End PBXFileReference section */

/* Begin PBXFrameworksBuildPhase section */
		8C1C67912F683C0500DD4A40 /* Frameworks */ = {
			isa = PBXFrameworksBuildPhase;
			buildActionMask = 2147483647;
			files = (
			);
			runOnlyForDeploymentPostprocessing = 0;
		};
		8C1C67A92F683C0C00DD4A40 /* Frameworks */ = {
			isa = PBXFrameworksBuildPhase;
			buildActionMask = 2147483647;
			files = (
			);
			runOnlyForDeploymentPostprocessing = 0;
		};
		8C1C67B32F683C0C00DD4A40 /* Frameworks */ = {
			isa = PBXFrameworksBuildPhase;
			buildActionMask = 2147483647;
			files = (
			);
			runOnlyForDeploymentPostprocessing = 0;
		};
/* End PBXFrameworksBuildPhase section */

/* Begin PBXGroup section */
		8C1C678B2F683C0500DD4A40 = {
			isa = PBXGroup;
			children = (
				8C1C67962F683C0500DD4A40 /* EZCompleteUI */,
				8C1C67AF2F683C0C00DD4A40 /* EZCompleteUITests */,
				8C1C67B92F683C0C00DD4A40 /* EZCompleteUIUITests */,
				8C1C67952F683C0500DD4A40 /* Products */,
			);
			sourceTree = "<group>";
		};
		8C1C67952F683C0500DD4A40 /* Products */ = {
			isa = PBXGroup;
			children = (
				8C1C67942F683C0500DD4A40 /* EZCompleteUI.app */,
				8C1C67AC2F683C0C00DD4A40 /* EZCompleteUITests.xctest */,
				8C1C67B62F683C0C00DD4A40 /* EZCompleteUIUITests.xctest */,
			);
			name = Products;
			sourceTree = "<group>";
		};
		8C1C67962F683C0500DD4A40 /* EZCompleteUI */ = {
			isa = PBXGroup;
			children = (
				8C1C67972F683C0500DD4A40 /* AppDelegate.h */,
				8C1C67982F683C0500DD4A40 /* AppDelegate.m */,
				8C1C679A2F683C0500DD4A40 /* ViewController.h */,
				8C1C679B2F683C0500DD4A40 /* ViewController.m */,
				8C1C67A02F683C0C00DD4A40 /* Assets.xcassets */,
				8C1C67A22F683C0C00DD4A40 /* Main.storyboard */,
				8C1C67A52F683C0C00DD4A40 /* main.m */,
				8C1C67A72F683C0C00DD4A40 /* EZCompleteUI.entitlements */,
				8C1C679D2F683C0500DD4A40 /* EZCompleteUI.xcdatamodeld */,
			);
			path = EZCompleteUI;
			sourceTree = "<group>";
		};
		8C1C67AF2F683C0C00DD4A40 /* EZCompleteUITests */ = {
			isa = PBXGroup;
			children = (
				8C1C67B02F683C0C00DD4A40 /* EZCompleteUITests.m */,
			);
			path = EZCompleteUITests;
			sourceTree = "<group>";
		};
		8C1C67B92F683C0C00DD4A40 /* EZCompleteUIUITests */ = {
			isa = PBXGroup;
			children = (
				8C1C67BA2F683C0C00DD4A40 /* EZCompleteUIUITests.m */,
				8C1C67BC2F683C0C00DD4A40 /* EZCompleteUIUITestsLaunchTests.m */,
			);
			path = EZCompleteUIUITests;
			sourceTree = "<group>";
		};
/* End PBXGroup section */

/* Begin PBXNativeTarget section */
		8C1C67932F683C0500DD4A40 /* EZCompleteUI */ = {
			isa = PBXNativeTarget;
			buildConfigurationList = 8C1C67C02F683C0C00DD4A40 /* Build configuration list for PBXNativeTarget "EZCompleteUI" */;
			buildPhases = (
				8C1C67902F683C0500DD4A40 /* Sources */,
				8C1C67912F683C0500DD4A40 /* Frameworks */,
				8C1C67922F683C0500DD4A40 /* Resources */,
			);
			buildRules = (
			);
			dependencies = (
			);
			name = EZCompleteUI;
			productName = EZCompleteUI;
			productReference = 8C1C67942F683C0500DD4A40 /* EZCompleteUI.app */;
			productType = "com.apple.product-type.application";
		};
		8C1C67AB2F683C0C00DD4A40 /* EZCompleteUITests */ = {
			isa = PBXNativeTarget;
			buildConfigurationList = 8C1C67C32F683C0C00DD4A40 /* Build configuration list for PBXNativeTarget "EZCompleteUITests" */;
			buildPhases = (
				8C1C67A82F683C0C00DD4A40 /* Sources */,
				8C1C67A92F683C0C00DD4A40 /* Frameworks */,
				8C1C67AA2F683C0C00DD4A40 /* Resources */,
			);
			buildRules = (
			);
			dependencies = (
				8C1C67AE2F683C0C00DD4A40 /* PBXTargetDependency */,
			);
			name = EZCompleteUITests;
			productName = EZCompleteUITests;
			productReference = 8C1C67AC2F683C0C00DD4A40 /* EZCompleteUITests.xctest */;
			productType = "com.apple.product-type.bundle.unit-test";
		};
		8C1C67B52F683C0C00DD4A40 /* EZCompleteUIUITests */ = {
			isa = PBXNativeTarget;
			buildConfigurationList = 8C1C67C62F683C0C00DD4A40 /* Build configuration list for PBXNativeTarget "EZCompleteUIUITests" */;
			buildPhases = (
				8C1C67B22F683C0C00DD4A40 /* Sources */,
				8C1C67B32F683C0C00DD4A40 /* Frameworks */,
				8C1C67B42F683C0C00DD4A40 /* Resources */,
			);
			buildRules = (
			);
			dependencies = (
				8C1C67B82F683C0C00DD4A40 /* PBXTargetDependency */,
			);
			name = EZCompleteUIUITests;
			productName = EZCompleteUIUITests;
			productReference = 8C1C67B62F683C0C00DD4A40 /* EZCompleteUIUITests.xctest */;
			productType = "com.apple.product-type.bundle.ui-testing";
		};
/* End PBXNativeTarget section */

/* Begin PBXProject section */
		8C1C678C2F683C0500DD4A40 /* Project object */ = {
			isa = PBXProject;
			attributes = {
				BuildIndependentTargetsInParallel = 1;
				LastUpgradeCheck = 1420;
				TargetAttributes = {
					8C1C67932F683C0500DD4A40 = {
						CreatedOnToolsVersion = 14.2;
					};
					8C1C67AB2F683C0C00DD4A40 = {
						CreatedOnToolsVersion = 14.2;
						TestTargetID = 8C1C67932F683C0500DD4A40;
					};
					8C1C67B52F683C0C00DD4A40 = {
						CreatedOnToolsVersion = 14.2;
						TestTargetID = 8C1C67932F683C0500DD4A40;
					};
				};
			};
			buildConfigurationList = 8C1C678F2F683C0500DD4A40 /* Build configuration list for PBXProject "EZCompleteUI" */;
			compatibilityVersion = "Xcode 14.0";
			developmentRegion = en;
			hasScannedForEncodings = 0;
			knownRegions = (
				en,
				Base,
			);
			mainGroup = 8C1C678B2F683C0500DD4A40;
			productRefGroup = 8C1C67952F683C0500DD4A40 /* Products */;
			projectDirPath = "";
			projectRoot = "";
			targets = (
				8C1C67932F683C0500DD4A40 /* EZCompleteUI */,
				8C1C67AB2F683C0C00DD4A40 /* EZCompleteUITests */,
				8C1C67B52F683C0C00DD4A40 /* EZCompleteUIUITests */,
			);
		};
/* End PBXProject section */

/* Begin PBXResourcesBuildPhase section */
		8C1C67922F683C0500DD4A40 /* Resources */ = {
			isa = PBXResourcesBuildPhase;
			buildActionMask = 2147483647;
			files = (
				8C1C67A12F683C0C00DD4A40 /* Assets.xcassets in Resources */,
				8C1C67A42F683C0C00DD4A40 /* Main.storyboard in Resources */,
			);
			runOnlyForDeploymentPostprocessing = 0;
		};
		8C1C67AA2F683C0C00DD4A40 /* Resources */ = {
			isa = PBXResourcesBuildPhase;
			buildActionMask = 2147483647;
			files = (
			);
			runOnlyForDeploymentPostprocessing = 0;
		};
		8C1C67B42F683C0C00DD4A40 /* Resources */ = {
			isa = PBXResourcesBuildPhase;
			buildActionMask = 2147483647;
			files = (
			);
			runOnlyForDeploymentPostprocessing = 0;
		};
/* End PBXResourcesBuildPhase section */

/* Begin PBXSourcesBuildPhase section */
		8C1C67902F683C0500DD4A40 /* Sources */ = {
			isa = PBXSourcesBuildPhase;
			buildActionMask = 2147483647;
			files = (
				8C1C679C2F683C0500DD4A40 /* ViewController.m in Sources */,
				8C1C679F2F683C0500DD4A40 /* EZCompleteUI.xcdatamodeld in Sources */,
				8C1C67A62F683C0C00DD4A40 /* main.m in Sources */,
				8C1C67992F683C0500DD4A40 /* AppDelegate.m in Sources */,
			);
			runOnlyForDeploymentPostprocessing = 0;
		};
		8C1C67A82F683C0C00DD4A40 /* Sources */ = {
			isa = PBXSourcesBuildPhase;
			buildActionMask = 2147483647;
			files = (
				8C1C67B12F683C0C00DD4A40 /* EZCompleteUITests.m in Sources */,
			);
			runOnlyForDeploymentPostprocessing = 0;
		};
		8C1C67B22F683C0C00DD4A40 /* Sources */ = {
			isa = PBXSourcesBuildPhase;
			buildActionMask = 2147483647;
			files = (
				8C1C67BD2F683C0C00DD4A40 /* EZCompleteUIUITestsLaunchTests.m in Sources */,
				8C1C67BB2F683C0C00DD4A40 /* EZCompleteUIUITests.m in Sources */,
			);
			runOnlyForDeploymentPostprocessing = 0;
		};
/* End PBXSourcesBuildPhase section */

/* Begin PBXTargetDependency section */
		8C1C67AE2F683C0C00DD4A40 /* PBXTargetDependency */ = {
			isa = PBXTargetDependency;
			target = 8C1C67932F683C0500DD4A40 /* EZCompleteUI */;
			targetProxy = 8C1C67AD2F683C0C00DD4A40 /* PBXContainerItemProxy */;
		};
		8C1C67B82F683C0C00DD4A40 /* PBXTargetDependency */ = {
			isa = PBXTargetDependency;
			target = 8C1C67932F683C0500DD4A40 /* EZCompleteUI */;
			targetProxy = 8C1C67B72F683C0C00DD4A40 /* PBXContainerItemProxy */;
		};
/* End PBXTargetDependency section */

/* Begin PBXVariantGroup section */
		8C1C67A22F683C0C00DD4A40 /* Main.storyboard */ = {
			isa = PBXVariantGroup;
			children = (
				8C1C67A32F683C0C00DD4A40 /* Base */,
			);
			name = Main.storyboard;
			sourceTree = "<group>";
		};
/* End PBXVariantGroup section */

/* Begin XCBuildConfiguration section */
		8C1C67BE2F683C0C00DD4A40 /* Debug */ = {
			isa = XCBuildConfiguration;
			buildSettings = {
				ALWAYS_SEARCH_USER_PATHS = NO;
				CLANG_ANALYZER_NONNULL = YES;
				CLANG_ANALYZER_NUMBER_OBJECT_CONVERSION = YES_AGGRESSIVE;
				CLANG_CXX_LANGUAGE_STANDARD = "gnu++20";
				CLANG_ENABLE_MODULES = YES;
				CLANG_ENABLE_OBJC_ARC = YES;
				CLANG_ENABLE_OBJC_WEAK = YES;
				CLANG_WARN_BLOCK_CAPTURE_AUTORELEASING = YES;
				CLANG_WARN_BOOL_CONVERSION = YES;
				CLANG_WARN_COMMA = YES;
				CLANG_WARN_CONSTANT_CONVERSION = YES;
				CLANG_WARN_DEPRECATED_OBJC_IMPLEMENTATIONS = YES;
				CLANG_WARN_DIRECT_OBJC_ISA_USAGE = YES_ERROR;
				CLANG_WARN_DOCUMENTATION_COMMENTS = YES;
				CLANG_WARN_EMPTY_BODY = YES;
				CLANG_WARN_ENUM_CONVERSION = YES;
				CLANG_WARN_INFINITE_RECURSION = YES;
				CLANG_WARN_INT_CONVERSION = YES;
				CLANG_WARN_NON_LITERAL_NULL_CONVERSION = YES;
				CLANG_WARN_OBJC_IMPLICIT_RETAIN_SELF = YES;
				CLANG_WARN_OBJC_LITERAL_CONVERSION = YES;
				CLANG_WARN_OBJC_ROOT_CLASS = YES_ERROR;
				CLANG_WARN_QUOTED_INCLUDE_IN_FRAMEWORK_HEADER = YES;
				CLANG_WARN_RANGE_LOOP_ANALYSIS = YES;
				CLANG_WARN_STRICT_PROTOTYPES = YES;
				CLANG_WARN_SUSPICIOUS_MOVE = YES;
				CLANG_WARN_UNGUARDED_AVAILABILITY = YES_AGGRESSIVE;
				CLANG_WARN_UNREACHABLE_CODE = YES;
				CLANG_WARN__DUPLICATE_METHOD_MATCH = YES;
				COPY_PHASE_STRIP = NO;
				DEBUG_INFORMATION_FORMAT = dwarf;
				ENABLE_STRICT_OBJC_MSGSEND = YES;
				ENABLE_TESTABILITY = YES;
				GCC_C_LANGUAGE_STANDARD = gnu11;
				GCC_DYNAMIC_NO_PIC = NO;
				GCC_NO_COMMON_BLOCKS = YES;
				GCC_OPTIMIZATION_LEVEL = 0;
				GCC_PREPROCESSOR_DEFINITIONS = (
					"DEBUG=1",
					"$(inherited)",
				);
				GCC_WARN_64_TO_32_BIT_CONVERSION = YES;
				GCC_WARN_ABOUT_RETURN_TYPE = YES_ERROR;
				GCC_WARN_UNDECLARED_SELECTOR = YES;
				GCC_WARN_UNINITIALIZED_AUTOS = YES_AGGRESSIVE;
				GCC_WARN_UNUSED_FUNCTION = YES;
				GCC_WARN_UNUSED_VARIABLE = YES;
				MACOSX_DEPLOYMENT_TARGET = 13.1;
				MTL_ENABLE_DEBUG_INFO = INCLUDE_SOURCE;
				MTL_FAST_MATH = YES;
				ONLY_ACTIVE_ARCH = YES;
				SDKROOT = macosx;
			};
			name = Debug;
		};
		8C1C67BF2F683C0C00DD4A40 /* Release */ = {
			isa = XCBuildConfiguration;
			buildSettings = {
				ALWAYS_SEARCH_USER_PATHS = NO;
				CLANG_ANALYZER_NONNULL = YES;
				CLANG_ANALYZER_NUMBER_OBJECT_CONVERSION = YES_AGGRESSIVE;
				CLANG_CXX_LANGUAGE_STANDARD = "gnu++20";
				CLANG_ENABLE_MODULES = YES;
				CLANG_ENABLE_OBJC_ARC = YES;
				CLANG_ENABLE_OBJC_WEAK = YES;
				CLANG_WARN_BLOCK_CAPTURE_AUTORELEASING = YES;
				CLANG_WARN_BOOL_CONVERSION = YES;
				CLANG_WARN_COMMA = YES;
				CLANG_WARN_CONSTANT_CONVERSION = YES;
				CLANG_WARN_DEPRECATED_OBJC_IMPLEMENTATIONS = YES;
				CLANG_WARN_DIRECT_OBJC_ISA_USAGE = YES_ERROR;
				CLANG_WARN_DOCUMENTATION_COMMENTS = YES;
				CLANG_WARN_EMPTY_BODY = YES;
				CLANG_WARN_ENUM_CONVERSION = YES;
				CLANG_WARN_INFINITE_RECURSION = YES;
				CLANG_WARN_INT_CONVERSION = YES;
				CLANG_WARN_NON_LITERAL_NULL_CONVERSION = YES;
				CLANG_WARN_OBJC_IMPLICIT_RETAIN_SELF = YES;
				CLANG_WARN_OBJC_LITERAL_CONVERSION = YES;
				CLANG_WARN_OBJC_ROOT_CLASS = YES_ERROR;
				CLANG_WARN_QUOTED_INCLUDE_IN_FRAMEWORK_HEADER = YES;
				CLANG_WARN_RANGE_LOOP_ANALYSIS = YES;
				CLANG_WARN_STRICT_PROTOTYPES = YES;
				CLANG_WARN_SUSPICIOUS_MOVE = YES;
				CLANG_WARN_UNGUARDED_AVAILABILITY = YES_AGGRESSIVE;
				CLANG_WARN_UNREACHABLE_CODE = YES;
				CLANG_WARN__DUPLICATE_METHOD_MATCH = YES;
				COPY_PHASE_STRIP = NO;
				DEBUG_INFORMATION_FORMAT = "dwarf-with-dsym";
				ENABLE_NS_ASSERTIONS = NO;
				ENABLE_STRICT_OBJC_MSGSEND = YES;
				GCC_C_LANGUAGE_STANDARD = gnu11;
				GCC_NO_COMMON_BLOCKS = YES;
				GCC_WARN_64_TO_32_BIT_CONVERSION = YES;
				GCC_WARN_ABOUT_RETURN_TYPE = YES_ERROR;
				GCC_WARN_UNDECLARED_SELECTOR = YES;
				GCC_WARN_UNINITIALIZED_AUTOS = YES_AGGRESSIVE;
				GCC_WARN_UNUSED_FUNCTION = YES;
				GCC_WARN_UNUSED_VARIABLE = YES;
				MACOSX_DEPLOYMENT_TARGET = 13.1;
				MTL_ENABLE_DEBUG_INFO = NO;
				MTL_FAST_MATH = YES;
				SDKROOT = macosx;
			};
			name = Release;
		};
		8C1C67C12F683C0C00DD4A40 /* Debug */ = {
			isa = XCBuildConfiguration;
			buildSettings = {
				ASSETCATALOG_COMPILER_APPICON_NAME = AppIcon;
				ASSETCATALOG_COMPILER_GLOBAL_ACCENT_COLOR_NAME = AccentColor;
				CODE_SIGN_ENTITLEMENTS = EZCompleteUI/EZCompleteUI.entitlements;
				CODE_SIGN_STYLE = Automatic;
				COMBINE_HIDPI_IMAGES = YES;
				CURRENT_PROJECT_VERSION = 1;
				DEVELOPMENT_TEAM = RGTNQJLJBX;
				ENABLE_HARDENED_RUNTIME = YES;
				GENERATE_INFOPLIST_FILE = YES;
				INFOPLIST_KEY_NSHumanReadableCopyright = "";
				INFOPLIST_KEY_NSMainStoryboardFile = Main;
				INFOPLIST_KEY_NSPrincipalClass = NSApplication;
				LD_RUNPATH_SEARCH_PATHS = (
					"$(inherited)",
					"@executable_path/../Frameworks",
				);
				MARKETING_VERSION = 1.0;
				PRODUCT_BUNDLE_IDENTIFIER = com.i0stweak3r.ezcompleteui.EZCompleteUI;
				PRODUCT_NAME = "$(TARGET_NAME)";
				SWIFT_EMIT_LOC_STRINGS = YES;
			};
			name = Debug;
		};
		8C1C67C22F683C0C00DD4A40 /* Release */ = {
			isa = XCBuildConfiguration;
			buildSettings = {
				ASSETCATALOG_COMPILER_APPICON_NAME = AppIcon;
				ASSETCATALOG_COMPILER_GLOBAL_ACCENT_COLOR_NAME = AccentColor;
				CODE_SIGN_ENTITLEMENTS = EZCompleteUI/EZCompleteUI.entitlements;
				CODE_SIGN_STYLE = Automatic;
				COMBINE_HIDPI_IMAGES = YES;
				CURRENT_PROJECT_VERSION = 1;
				DEVELOPMENT_TEAM = RGTNQJLJBX;
				ENABLE_HARDENED_RUNTIME = YES;
				GENERATE_INFOPLIST_FILE = YES;
				INFOPLIST_KEY_NSHumanReadableCopyright = "";
				INFOPLIST_KEY_NSMainStoryboardFile = Main;
				INFOPLIST_KEY_NSPrincipalClass = NSApplication;
				LD_RUNPATH_SEARCH_PATHS = (
					"$(inherited)",
					"@executable_path/../Frameworks",
				);
				MARKETING_VERSION = 1.0;
				PRODUCT_BUNDLE_IDENTIFIER = com.i0stweak3r.ezcompleteui.EZCompleteUI;
				PRODUCT_NAME = "$(TARGET_NAME)";
				SWIFT_EMIT_LOC_STRINGS = YES;
			};
			name = Release;
		};
		8C1C67C42F683C0C00DD4A40 /* Debug */ = {
			isa = XCBuildConfiguration;
			buildSettings = {
				BUNDLE_LOADER = "$(TEST_HOST)";
				CODE_SIGN_STYLE = Automatic;
				CURRENT_PROJECT_VERSION = 1;
				DEVELOPMENT_TEAM = RGTNQJLJBX;
				GENERATE_INFOPLIST_FILE = YES;
				MACOSX_DEPLOYMENT_TARGET = 13.1;
				MARKETING_VERSION = 1.0;
				PRODUCT_BUNDLE_IDENTIFIER = com.i0stweak3r.ezcompleteui.EZCompleteUITests;
				PRODUCT_NAME = "$(TARGET_NAME)";
				SWIFT_EMIT_LOC_STRINGS = NO;
				TEST_HOST = "$(BUILT_PRODUCTS_DIR)/EZCompleteUI.app/$(BUNDLE_EXECUTABLE_FOLDER_PATH)/EZCompleteUI";
			};
			name = Debug;
		};
		8C1C67C52F683C0C00DD4A40 /* Release */ = {
			isa = XCBuildConfiguration;
			buildSettings = {
				BUNDLE_LOADER = "$(TEST_HOST)";
				CODE_SIGN_STYLE = Automatic;
				CURRENT_PROJECT_VERSION = 1;
				DEVELOPMENT_TEAM = RGTNQJLJBX;
				GENERATE_INFOPLIST_FILE = YES;
				MACOSX_DEPLOYMENT_TARGET = 13.1;
				MARKETING_VERSION = 1.0;
				PRODUCT_BUNDLE_IDENTIFIER = com.i0stweak3r.ezcompleteui.EZCompleteUITests;
				PRODUCT_NAME = "$(TARGET_NAME)";
				SWIFT_EMIT_LOC_STRINGS = NO;
				TEST_HOST = "$(BUILT_PRODUCTS_DIR)/EZCompleteUI.app/$(BUNDLE_EXECUTABLE_FOLDER_PATH)/EZCompleteUI";
			};
			name = Release;
		};
		8C1C67C72F683C0C00DD4A40 /* Debug */ = {
			isa = XCBuildConfiguration;
			buildSettings = {
				CODE_SIGN_STYLE = Automatic;
				CURRENT_PROJECT_VERSION = 1;
				DEVELOPMENT_TEAM = RGTNQJLJBX;
				GENERATE_INFOPLIST_FILE = YES;
				MARKETING_VERSION = 1.0;
				PRODUCT_BUNDLE_IDENTIFIER = com.i0stweak3r.ezcompleteui.EZCompleteUIUITests;
				PRODUCT_NAME = "$(TARGET_NAME)";
				SWIFT_EMIT_LOC_STRINGS = NO;
				TEST_TARGET_NAME = EZCompleteUI;
			};
			name = Debug;
		};
		8C1C67C82F683C0C00DD4A40 /* Release */ = {
			isa = XCBuildConfiguration;
			buildSettings = {
				CODE_SIGN_STYLE = Automatic;
				CURRENT_PROJECT_VERSION = 1;
				DEVELOPMENT_TEAM = RGTNQJLJBX;
				GENERATE_INFOPLIST_FILE = YES;
				MARKETING_VERSION = 1.0;
				PRODUCT_BUNDLE_IDENTIFIER = com.i0stweak3r.ezcompleteui.EZCompleteUIUITests;
				PRODUCT_NAME = "$(TARGET_NAME)";
				SWIFT_EMIT_LOC_STRINGS = NO;
				TEST_TARGET_NAME = EZCompleteUI;
			};
			name = Release;
		};
/* End XCBuildConfiguration section */

/* Begin XCConfigurationList section */
		8C1C678F2F683C0500DD4A40 /* Build configuration list for PBXProject "EZCompleteUI" */ = {
			isa = XCConfigurationList;
			buildConfigurations = (
				8C1C67BE2F683C0C00DD4A40 /* Debug */,
				8C1C67BF2F683C0C00DD4A40 /* Release */,
			);
			defaultConfigurationIsVisible = 0;
			defaultConfigurationName = Release;
		};
		8C1C67C02F683C0C00DD4A40 /* Build configuration list for PBXNativeTarget "EZCompleteUI" */ = {
			isa = XCConfigurationList;
			buildConfigurations = (
				8C1C67C12F683C0C00DD4A40 /* Debug */,
				8C1C67C22F683C0C00DD4A40 /* Release */,
			);
			defaultConfigurationIsVisible = 0;
			defaultConfigurationName = Release;
		};
		8C1C67C32F683C0C00DD4A40 /* Build configuration list for PBXNativeTarget "EZCompleteUITests" */ = {
			isa = XCConfigurationList;
			buildConfigurations = (
				8C1C67C42F683C0C00DD4A40 /* Debug */,
				8C1C67C52F683C0C00DD4A40 /* Release */,
			);
			defaultConfigurationIsVisible = 0;
			defaultConfigurationName = Release;
		};
		8C1C67C62F683C0C00DD4A40 /* Build configuration list for PBXNativeTarget "EZCompleteUIUITests" */ = {
			isa = XCConfigurationList;
			buildConfigurations = (
				8C1C67C72F683C0C00DD4A40 /* Debug */,
				8C1C67C82F683C0C00DD4A40 /* Release */,
			);
			defaultConfigurationIsVisible = 0;
			defaultConfigurationName = Release;
		};
/* End XCConfigurationList section */

/* Begin XCVersionGroup section */
		8C1C679D2F683C0500DD4A40 /* EZCompleteUI.xcdatamodeld */ = {
			isa = XCVersionGroup;
			children = (
				8C1C679E2F683C0500DD4A40 /* EZCompleteUI.xcdatamodel */,
			);
			currentVersion = 8C1C679E2F683C0500DD4A40 /* EZCompleteUI.xcdatamodel */;
			path = EZCompleteUI.xcdatamodeld;
			sourceTree = "<group>";
			versionGroupType = wrapper.xcdatamodel;
		};
/* End XCVersionGroup section */
	};
	rootObject = 8C1C678C2F683C0500DD4A40 /* Project object */;
}
